
Microsoft Visual Studio Solution File, Format Version 12.00
# Visual Studio Version 16
VisualStudioVersion = 16.0.810.14
MinimumVisualStudioVersion = 10.0.40219.1
Project("{FAE04EC0-301F-11D3-BF4B-00C04F79EFBC}") = "FaurDanielProject", "FaurDanielProject\FaurDanielProject.csproj", "{1C57B9A3-441E-4845-9E1C-00C7B3F6181F}"
EndProject
Global
	GlobalSection(SolutionConfigurationPlatforms) = preSolution
		Debug|Any CPU = Debug|Any CPU
		Release|Any CPU = Release|Any CPU
	EndGlobalSection
	GlobalSection(ProjectConfigurationPlatforms) = postSolution
		{1C57B9A3-441E-4845-9E1C-00C7B3F6181F}.Debug|Any CPU.ActiveCfg = Debug|Any CPU
		{1C57B9A3-441E-4845-9E1C-00C7B3F6181F}.Debug|Any CPU.Build.0 = Debug|Any CPU
		{1C57B9A3-441E-4845-9E1C-00C7B3F6181F}.Release|Any CPU.ActiveCfg = Release|Any CPU
		{1C57B9A3-441E-4845-9E1C-00C7B3F6181F}.Release|Any CPU.Build.0 = Release|Any CPU
	EndGlobalSection
	GlobalSection(SolutionProperties) = preSolution
		HideSolutionNode = FALSE
	EndGlobalSection
	GlobalSection(ExtensibilityGlobals) = postSolution
		SolutionGuid = {DAD5948F-7414-4BCE-8980-3166D0D33A39}
	EndGlobalSection
EndGlobal
